
Microsoft Visual Studio Solution File, Format Version 12.00
# Visual Studio Version 16
VisualStudioVersion = 16.0.32106.194
MinimumVisualStudioVersion = 10.0.40219.1
Project("{FAE04EC0-301F-11D3-BF4B-00C04F79EFBC}") = "Vista", "Clases estaticas Ejercicio 1\Vista.csproj", "{51B5EFC5-E679-44C5-9465-353F43D34212}"
EndProject
Project("{FAE04EC0-301F-11D3-BF4B-00C04F79EFBC}") = "Clases", "Clases\Clases.csproj", "{42D0E1C2-491D-4EF9-8E6C-269D9AA01C55}"
EndProject
Global
	GlobalSection(SolutionConfigurationPlatforms) = preSolution
		Debug|Any CPU = Debug|Any CPU
		Release|Any CPU = Release|Any CPU
	EndGlobalSection
	GlobalSection(ProjectConfigurationPlatforms) = postSolution
		{51B5EFC5-E679-44C5-9465-353F43D34212}.Debug|Any CPU.ActiveCfg = Debug|Any CPU
		{51B5EFC5-E679-44C5-9465-353F43D34212}.Debug|Any CPU.Build.0 = Debug|Any CPU
		{51B5EFC5-E679-44C5-9465-353F43D34212}.Release|Any CPU.ActiveCfg = Release|Any CPU
		{51B5EFC5-E679-44C5-9465-353F43D34212}.Release|Any CPU.Build.0 = Release|Any CPU
		{42D0E1C2-491D-4EF9-8E6C-269D9AA01C55}.Debug|Any CPU.ActiveCfg = Debug|Any CPU
		{42D0E1C2-491D-4EF9-8E6C-269D9AA01C55}.Debug|Any CPU.Build.0 = Debug|Any CPU
		{42D0E1C2-491D-4EF9-8E6C-269D9AA01C55}.Release|Any CPU.ActiveCfg = Release|Any CPU
		{42D0E1C2-491D-4EF9-8E6C-269D9AA01C55}.Release|Any CPU.Build.0 = Release|Any CPU
	EndGlobalSection
	GlobalSection(SolutionProperties) = preSolution
		HideSolutionNode = FALSE
	EndGlobalSection
	GlobalSection(ExtensibilityGlobals) = postSolution
		SolutionGuid = {685A4FF7-42CD-403A-8937-70BEFE292544}
	EndGlobalSection
EndGlobal
