
Microsoft Visual Studio Solution File, Format Version 12.00
# Visual Studio Version 16
VisualStudioVersion = 16.0.32106.194
MinimumVisualStudioVersion = 10.0.40219.1
Project("{FAE04EC0-301F-11D3-BF4B-00C04F79EFBC}") = "Ejercicio1", "Ejercicio1\Ejercicio1.csproj", "{D9605338-59B4-4970-93E2-1B8B4153CCC1}"
EndProject
Global
	GlobalSection(SolutionConfigurationPlatforms) = preSolution
		Debug|Any CPU = Debug|Any CPU
		Release|Any CPU = Release|Any CPU
	EndGlobalSection
	GlobalSection(ProjectConfigurationPlatforms) = postSolution
		{D9605338-59B4-4970-93E2-1B8B4153CCC1}.Debug|Any CPU.ActiveCfg = Debug|Any CPU
		{D9605338-59B4-4970-93E2-1B8B4153CCC1}.Debug|Any CPU.Build.0 = Debug|Any CPU
		{D9605338-59B4-4970-93E2-1B8B4153CCC1}.Release|Any CPU.ActiveCfg = Release|Any CPU
		{D9605338-59B4-4970-93E2-1B8B4153CCC1}.Release|Any CPU.Build.0 = Release|Any CPU
	EndGlobalSection
	GlobalSection(SolutionProperties) = preSolution
		HideSolutionNode = FALSE
	EndGlobalSection
	GlobalSection(ExtensibilityGlobals) = postSolution
		SolutionGuid = {EA7DC856-D603-4355-AF4C-EBB6F219202D}
	EndGlobalSection
EndGlobal
